
Microsoft Visual Studio Solution File, Format Version 12.00
# Visual Studio Version 17
VisualStudioVersion = 17.5.33530.505
MinimumVisualStudioVersion = 10.0.40219.1
Project("{FAE04EC0-301F-11D3-BF4B-00C04F79EFBC}") = "WindowsFormsApp1", "WindowsFormsApp1.csproj", "{FC9DD5A2-DA2D-472A-B95B-376A79A9876A}"
EndProject
Global
	GlobalSection(SolutionConfigurationPlatforms) = preSolution
		Debug|Any CPU = Debug|Any CPU
		Release|Any CPU = Release|Any CPU
	EndGlobalSection
	GlobalSection(ProjectConfigurationPlatforms) = postSolution
		{FC9DD5A2-DA2D-472A-B95B-376A79A9876A}.Debug|Any CPU.ActiveCfg = Debug|Any CPU
		{FC9DD5A2-DA2D-472A-B95B-376A79A9876A}.Debug|Any CPU.Build.0 = Debug|Any CPU
		{FC9DD5A2-DA2D-472A-B95B-376A79A9876A}.Release|Any CPU.ActiveCfg = Release|Any CPU
		{FC9DD5A2-DA2D-472A-B95B-376A79A9876A}.Release|Any CPU.Build.0 = Release|Any CPU
	EndGlobalSection
	GlobalSection(SolutionProperties) = preSolution
		HideSolutionNode = FALSE
	EndGlobalSection
	GlobalSection(ExtensibilityGlobals) = postSolution
		SolutionGuid = {F3B02BE4-CF06-4AEC-9DE8-B72DB3BAE44B}
	EndGlobalSection
EndGlobal
